Microsoft Visual Studio Solution File, Format Version 12.00
# Visual Studio Version 17
VisualStudioVersion = 17.5.2.0
MinimumVisualStudioVersion = 10.0.40219.1
Project("{FAE04EC0-301F-11D3-BF4B-00C04F79EFBC}") = "CollabTask.Tests", "CollabTask.Tests.csproj", "{9ED04215-04E9-DB43-B46C-1112811FFF2B}"
EndProject
Global
	GlobalSection(SolutionConfigurationPlatforms) = preSolution
		Debug|Any CPU = Debug|Any CPU
		Release|Any CPU = Release|Any CPU
	EndGlobalSection
	GlobalSection(ProjectConfigurationPlatforms) = postSolution
		{9ED04215-04E9-DB43-B46C-1112811FFF2B}.Debug|Any CPU.ActiveCfg = Debug|Any CPU
		{9ED04215-04E9-DB43-B46C-1112811FFF2B}.Debug|Any CPU.Build.0 = Debug|Any CPU
		{9ED04215-04E9-DB43-B46C-1112811FFF2B}.Release|Any CPU.ActiveCfg = Release|Any CPU
		{9ED04215-04E9-DB43-B46C-1112811FFF2B}.Release|Any CPU.Build.0 = Release|Any CPU
	EndGlobalSection
	GlobalSection(SolutionProperties) = preSolution
		HideSolutionNode = FALSE
	EndGlobalSection
	GlobalSection(ExtensibilityGlobals) = postSolution
		SolutionGuid = {B3B5956D-048E-431B-AC7B-430A2EDA0589}
	EndGlobalSection
EndGlobal
